{
  "name": "web",
  "lockfileVersion": 3,
  "requires": true,
  "packages": {
    "": {
      "dependencies": {
        "@types/golang-wasm-exec": "^1.15.2"
      }
    },
    "node_modules/@types/golang-wasm-exec": {
      "version": "1.15.2",
      "resolved": "https://registry.npmjs.org/@types/golang-wasm-exec/-/golang-wasm-exec-1.15.2.tgz",
      "integrity": "sha512-NA77toY4yOiiV5foDVT/rfxmtoox7ASHqGs4Eek8xTMcKWwAhZLOD3SYfLQKq4P2jtOLQQkeISq3zSuQ1Y+apg==",
      "license": "MIT"
    }
  }
}
